
Microsoft Visual Studio Solution File, Format Version 12.00
# Visual Studio 2013
VisualStudioVersion = 12.0.31101.0
MinimumVisualStudioVersion = 10.0.40219.1
Project("{FAE04EC0-301F-11D3-BF4B-00C04F79EFBC}") = "MargieBot.UI", "MargieBot.UI\MargieBot.UI.csproj", "{222E7C27-2B98-4478-AED5-8CE914B42CFF}"
EndProject
Project("{FAE04EC0-301F-11D3-BF4B-00C04F79EFBC}") = "MargieBot", "MargieBot\MargieBot.csproj", "{1C8DACEF-74F1-45D2-AC76-B65DFB3DBCA9}"
EndProject
Project("{FAE04EC0-301F-11D3-BF4B-00C04F79EFBC}") = "MargieBot.Tests", "MargieBot.Tests\MargieBot.Tests.csproj", "{2E347D00-FB86-4EF2-95BC-D8EEB98584DD}"
EndProject
Project("{FAE04EC0-301F-11D3-BF4B-00C04F79EFBC}") = "MargieBot.ExampleResponders", "MargieBot.ExampleResponseProcessors\MargieBot.ExampleResponders.csproj", "{C214B6B0-B876-4F24-9417-A05FC6D4B616}"
EndProject
Global
	GlobalSection(SolutionConfigurationPlatforms) = preSolution
		Debug|Any CPU = Debug|Any CPU
		Release|Any CPU = Release|Any CPU
	EndGlobalSection
	GlobalSection(ProjectConfigurationPlatforms) = postSolution
		{222E7C27-2B98-4478-AED5-8CE914B42CFF}.Debug|Any CPU.ActiveCfg = Debug|Any CPU
		{222E7C27-2B98-4478-AED5-8CE914B42CFF}.Debug|Any CPU.Build.0 = Debug|Any CPU
		{222E7C27-2B98-4478-AED5-8CE914B42CFF}.Release|Any CPU.ActiveCfg = Release|Any CPU
		{222E7C27-2B98-4478-AED5-8CE914B42CFF}.Release|Any CPU.Build.0 = Release|Any CPU
		{1C8DACEF-74F1-45D2-AC76-B65DFB3DBCA9}.Debug|Any CPU.ActiveCfg = Debug|Any CPU
		{1C8DACEF-74F1-45D2-AC76-B65DFB3DBCA9}.Debug|Any CPU.Build.0 = Debug|Any CPU
		{1C8DACEF-74F1-45D2-AC76-B65DFB3DBCA9}.Release|Any CPU.ActiveCfg = Release|Any CPU
		{1C8DACEF-74F1-45D2-AC76-B65DFB3DBCA9}.Release|Any CPU.Build.0 = Release|Any CPU
		{2E347D00-FB86-4EF2-95BC-D8EEB98584DD}.Debug|Any CPU.ActiveCfg = Debug|Any CPU
		{2E347D00-FB86-4EF2-95BC-D8EEB98584DD}.Debug|Any CPU.Build.0 = Debug|Any CPU
		{2E347D00-FB86-4EF2-95BC-D8EEB98584DD}.Release|Any CPU.ActiveCfg = Release|Any CPU
		{2E347D00-FB86-4EF2-95BC-D8EEB98584DD}.Release|Any CPU.Build.0 = Release|Any CPU
		{C214B6B0-B876-4F24-9417-A05FC6D4B616}.Debug|Any CPU.ActiveCfg = Debug|Any CPU
		{C214B6B0-B876-4F24-9417-A05FC6D4B616}.Debug|Any CPU.Build.0 = Debug|Any CPU
		{C214B6B0-B876-4F24-9417-A05FC6D4B616}.Release|Any CPU.ActiveCfg = Release|Any CPU
		{C214B6B0-B876-4F24-9417-A05FC6D4B616}.Release|Any CPU.Build.0 = Release|Any CPU
	EndGlobalSection
	GlobalSection(SolutionProperties) = preSolution
		HideSolutionNode = FALSE
	EndGlobalSection
EndGlobal
