
Microsoft Visual Studio Solution File, Format Version 12.00
# Visual Studio 14
VisualStudioVersion = 14.0.25420.1
MinimumVisualStudioVersion = 10.0.40219.1
Project("{8BB2217D-0F2D-49D1-97BC-3654ED321F3B}") = "MargieBot", "MargieBot\MargieBot.xproj", "{C4E14F85-F98F-484C-8FCB-F0D95F91472A}"
EndProject
Project("{8BB2217D-0F2D-49D1-97BC-3654ED321F3B}") = "MargieBot.Debug", "MargieBot.Debug\MargieBot.Debug.xproj", "{604E4CF2-A6E0-4BCC-A7F1-77A5CA7BC167}"
EndProject
Project("{8BB2217D-0F2D-49D1-97BC-3654ED321F3B}") = "MargieBot.SampleResponders", "MargieBot.SampleResponders\MargieBot.SampleResponders.xproj", "{5AF797B7-B243-47B3-9490-7DBD72DC59DA}"
EndProject
Project("{8BB2217D-0F2D-49D1-97BC-3654ED321F3B}") = "MargieBot.ConsoleHost", "MargieBot.ConsoleHost\MargieBot.ConsoleHost.xproj", "{0BCA1CF2-D9E5-4A0B-9166-D4606CD3065D}"
EndProject
Global
	GlobalSection(SolutionConfigurationPlatforms) = preSolution
		Debug|Any CPU = Debug|Any CPU
		Release|Any CPU = Release|Any CPU
	EndGlobalSection
	GlobalSection(ProjectConfigurationPlatforms) = postSolution
		{C4E14F85-F98F-484C-8FCB-F0D95F91472A}.Debug|Any CPU.ActiveCfg = Debug|Any CPU
		{C4E14F85-F98F-484C-8FCB-F0D95F91472A}.Debug|Any CPU.Build.0 = Debug|Any CPU
		{C4E14F85-F98F-484C-8FCB-F0D95F91472A}.Release|Any CPU.ActiveCfg = Release|Any CPU
		{C4E14F85-F98F-484C-8FCB-F0D95F91472A}.Release|Any CPU.Build.0 = Release|Any CPU
		{604E4CF2-A6E0-4BCC-A7F1-77A5CA7BC167}.Debug|Any CPU.ActiveCfg = Debug|Any CPU
		{604E4CF2-A6E0-4BCC-A7F1-77A5CA7BC167}.Debug|Any CPU.Build.0 = Debug|Any CPU
		{604E4CF2-A6E0-4BCC-A7F1-77A5CA7BC167}.Release|Any CPU.ActiveCfg = Release|Any CPU
		{604E4CF2-A6E0-4BCC-A7F1-77A5CA7BC167}.Release|Any CPU.Build.0 = Release|Any CPU
		{5AF797B7-B243-47B3-9490-7DBD72DC59DA}.Debug|Any CPU.ActiveCfg = Debug|Any CPU
		{5AF797B7-B243-47B3-9490-7DBD72DC59DA}.Debug|Any CPU.Build.0 = Debug|Any CPU
		{5AF797B7-B243-47B3-9490-7DBD72DC59DA}.Release|Any CPU.ActiveCfg = Release|Any CPU
		{5AF797B7-B243-47B3-9490-7DBD72DC59DA}.Release|Any CPU.Build.0 = Release|Any CPU
		{0BCA1CF2-D9E5-4A0B-9166-D4606CD3065D}.Debug|Any CPU.ActiveCfg = Debug|Any CPU
		{0BCA1CF2-D9E5-4A0B-9166-D4606CD3065D}.Debug|Any CPU.Build.0 = Debug|Any CPU
		{0BCA1CF2-D9E5-4A0B-9166-D4606CD3065D}.Release|Any CPU.ActiveCfg = Release|Any CPU
		{0BCA1CF2-D9E5-4A0B-9166-D4606CD3065D}.Release|Any CPU.Build.0 = Release|Any CPU
	EndGlobalSection
	GlobalSection(SolutionProperties) = preSolution
		HideSolutionNode = FALSE
	EndGlobalSection
EndGlobal
